
Microsoft Visual Studio Solution File, Format Version 12.00
# Visual Studio Version 17
VisualStudioVersion = 17.14.36109.1
MinimumVisualStudioVersion = 10.0.40219.1
Project("{FAE04EC0-301F-11D3-BF4B-00C04F79EFBC}") = "SimplifyVbcAdt9.WebApiLand", "SimplifyVbcAdt9.WebApiLand\SimplifyVbcAdt9.WebApiLand.csproj", "{1A4B5586-492D-49EE-A3F0-4FAE58A4A556}"
EndProject
Project("{FAE04EC0-301F-11D3-BF4B-00C04F79EFBC}") = "SimplifyVbcAdt9.Data", "SimplifyVbcAdt9.Data\SimplifyVbcAdt9.Data.csproj", "{92769D5E-1055-43B3-9FCC-42EBA9404FBB}"
EndProject
Project("{FAE04EC0-301F-11D3-BF4B-00C04F79EFBC}") = "SimplifyVbcAdt9.CallWebApiLand", "SimplifyVbcAdt9.CallWebApiLand\SimplifyVbcAdt9.CallWebApiLand.csproj", "{EFFD7768-22F8-416F-9FD5-A1D3EBC4DBC7}"
EndProject
Project("{FAE04EC0-301F-11D3-BF4B-00C04F79EFBC}") = "SimplifyVbcAdt9.HumanaCensusConsoleApp", "SimplifyVbcAdt9.ConsoleApp\SimplifyVbcAdt9.HumanaCensusConsoleApp.csproj", "{521B76F6-FDB7-4152-91D8-D13CB8E72447}"
EndProject
Project("{FAE04EC0-301F-11D3-BF4B-00C04F79EFBC}") = "BulkInsert9.CallWebApiLand", "..\BulkInsert9\BulkInsert9.CallWebApiLand\BulkInsert9.CallWebApiLand.csproj", "{E9AAA82D-203E-B230-A9D1-59AECB2F0804}"
EndProject
Project("{FAE04EC0-301F-11D3-BF4B-00C04F79EFBC}") = "BulkInsert9.Data", "..\BulkInsert9\BulkInsert9.Data\BulkInsert9.Data.csproj", "{FEFA60EA-517F-9AD2-840B-F2C880B9C8B8}"
EndProject
Project("{FAE04EC0-301F-11D3-BF4B-00C04F79EFBC}") = "EmailWebApiLand9.CallEmailWebApiLand", "..\EmailWebApiLand9\EmailWebApiLand9.CallEmailWebApiLand\EmailWebApiLand9.CallEmailWebApiLand.csproj", "{4BAEBAFB-C1B2-6762-302E-CBB6EEF6059A}"
EndProject
Project("{FAE04EC0-301F-11D3-BF4B-00C04F79EFBC}") = "EmailWebApiLand9.Data", "..\EmailWebApiLand9\EmailWebApiLand9.Data\EmailWebApiLand9.Data.csproj", "{DA17C095-7B63-60FA-311C-BE046783F924}"
EndProject
Project("{FAE04EC0-301F-11D3-BF4B-00C04F79EFBC}") = "SimplifyVbcAdt9.PointClickCareConsoleApp", "SimplifyVbcAdt9.PointClickCareConsoleApp\SimplifyVbcAdt9.PointClickCareConsoleApp.csproj", "{15521D8C-5F32-4557-BD25-059C48E87E17}"
EndProject
Project("{FAE04EC0-301F-11D3-BF4B-00C04F79EFBC}") = "SimplifyVbcAdt9.EthinConsoleApp", "SimplifyVbcAdt9.EthinConsoleApp\SimplifyVbcAdt9.EthinConsoleApp.csproj", "{E4613089-00E3-4949-AA9B-832E8F4D0E06}"
EndProject
Project("{FAE04EC0-301F-11D3-BF4B-00C04F79EFBC}") = "SimplifyVbcAdt9.HumanaConsoleApp", "SimplifyVbcAdt9.HumanaConsoleApp\SimplifyVbcAdt9.HumanaConsoleApp.csproj", "{257CF14F-E38C-480F-9EB6-7904B314EF14}"
EndProject
Global
	GlobalSection(SolutionConfigurationPlatforms) = preSolution
		Debug|Any CPU = Debug|Any CPU
		Release|Any CPU = Release|Any CPU
	EndGlobalSection
	GlobalSection(ProjectConfigurationPlatforms) = postSolution
		{1A4B5586-492D-49EE-A3F0-4FAE58A4A556}.Debug|Any CPU.ActiveCfg = Debug|Any CPU
		{1A4B5586-492D-49EE-A3F0-4FAE58A4A556}.Debug|Any CPU.Build.0 = Debug|Any CPU
		{1A4B5586-492D-49EE-A3F0-4FAE58A4A556}.Release|Any CPU.ActiveCfg = Release|Any CPU
		{1A4B5586-492D-49EE-A3F0-4FAE58A4A556}.Release|Any CPU.Build.0 = Release|Any CPU
		{92769D5E-1055-43B3-9FCC-42EBA9404FBB}.Debug|Any CPU.ActiveCfg = Debug|Any CPU
		{92769D5E-1055-43B3-9FCC-42EBA9404FBB}.Debug|Any CPU.Build.0 = Debug|Any CPU
		{92769D5E-1055-43B3-9FCC-42EBA9404FBB}.Release|Any CPU.ActiveCfg = Release|Any CPU
		{92769D5E-1055-43B3-9FCC-42EBA9404FBB}.Release|Any CPU.Build.0 = Release|Any CPU
		{EFFD7768-22F8-416F-9FD5-A1D3EBC4DBC7}.Debug|Any CPU.ActiveCfg = Debug|Any CPU
		{EFFD7768-22F8-416F-9FD5-A1D3EBC4DBC7}.Debug|Any CPU.Build.0 = Debug|Any CPU
		{EFFD7768-22F8-416F-9FD5-A1D3EBC4DBC7}.Release|Any CPU.ActiveCfg = Release|Any CPU
		{EFFD7768-22F8-416F-9FD5-A1D3EBC4DBC7}.Release|Any CPU.Build.0 = Release|Any CPU
		{521B76F6-FDB7-4152-91D8-D13CB8E72447}.Debug|Any CPU.ActiveCfg = Debug|Any CPU
		{521B76F6-FDB7-4152-91D8-D13CB8E72447}.Debug|Any CPU.Build.0 = Debug|Any CPU
		{521B76F6-FDB7-4152-91D8-D13CB8E72447}.Release|Any CPU.ActiveCfg = Release|Any CPU
		{521B76F6-FDB7-4152-91D8-D13CB8E72447}.Release|Any CPU.Build.0 = Release|Any CPU
		{E9AAA82D-203E-B230-A9D1-59AECB2F0804}.Debug|Any CPU.ActiveCfg = Debug|Any CPU
		{E9AAA82D-203E-B230-A9D1-59AECB2F0804}.Debug|Any CPU.Build.0 = Debug|Any CPU
		{E9AAA82D-203E-B230-A9D1-59AECB2F0804}.Release|Any CPU.ActiveCfg = Release|Any CPU
		{E9AAA82D-203E-B230-A9D1-59AECB2F0804}.Release|Any CPU.Build.0 = Release|Any CPU
		{FEFA60EA-517F-9AD2-840B-F2C880B9C8B8}.Debug|Any CPU.ActiveCfg = Debug|Any CPU
		{FEFA60EA-517F-9AD2-840B-F2C880B9C8B8}.Debug|Any CPU.Build.0 = Debug|Any CPU
		{FEFA60EA-517F-9AD2-840B-F2C880B9C8B8}.Release|Any CPU.ActiveCfg = Release|Any CPU
		{FEFA60EA-517F-9AD2-840B-F2C880B9C8B8}.Release|Any CPU.Build.0 = Release|Any CPU
		{4BAEBAFB-C1B2-6762-302E-CBB6EEF6059A}.Debug|Any CPU.ActiveCfg = Debug|Any CPU
		{4BAEBAFB-C1B2-6762-302E-CBB6EEF6059A}.Debug|Any CPU.Build.0 = Debug|Any CPU
		{4BAEBAFB-C1B2-6762-302E-CBB6EEF6059A}.Release|Any CPU.ActiveCfg = Release|Any CPU
		{4BAEBAFB-C1B2-6762-302E-CBB6EEF6059A}.Release|Any CPU.Build.0 = Release|Any CPU
		{DA17C095-7B63-60FA-311C-BE046783F924}.Debug|Any CPU.ActiveCfg = Debug|Any CPU
		{DA17C095-7B63-60FA-311C-BE046783F924}.Debug|Any CPU.Build.0 = Debug|Any CPU
		{DA17C095-7B63-60FA-311C-BE046783F924}.Release|Any CPU.ActiveCfg = Release|Any CPU
		{DA17C095-7B63-60FA-311C-BE046783F924}.Release|Any CPU.Build.0 = Release|Any CPU
		{15521D8C-5F32-4557-BD25-059C48E87E17}.Debug|Any CPU.ActiveCfg = Debug|Any CPU
		{15521D8C-5F32-4557-BD25-059C48E87E17}.Debug|Any CPU.Build.0 = Debug|Any CPU
		{15521D8C-5F32-4557-BD25-059C48E87E17}.Release|Any CPU.ActiveCfg = Release|Any CPU
		{15521D8C-5F32-4557-BD25-059C48E87E17}.Release|Any CPU.Build.0 = Release|Any CPU
		{E4613089-00E3-4949-AA9B-832E8F4D0E06}.Debug|Any CPU.ActiveCfg = Debug|Any CPU
		{E4613089-00E3-4949-AA9B-832E8F4D0E06}.Debug|Any CPU.Build.0 = Debug|Any CPU
		{E4613089-00E3-4949-AA9B-832E8F4D0E06}.Release|Any CPU.ActiveCfg = Release|Any CPU
		{E4613089-00E3-4949-AA9B-832E8F4D0E06}.Release|Any CPU.Build.0 = Release|Any CPU
		{257CF14F-E38C-480F-9EB6-7904B314EF14}.Debug|Any CPU.ActiveCfg = Debug|Any CPU
		{257CF14F-E38C-480F-9EB6-7904B314EF14}.Debug|Any CPU.Build.0 = Debug|Any CPU
		{257CF14F-E38C-480F-9EB6-7904B314EF14}.Release|Any CPU.ActiveCfg = Release|Any CPU
		{257CF14F-E38C-480F-9EB6-7904B314EF14}.Release|Any CPU.Build.0 = Release|Any CPU
	EndGlobalSection
	GlobalSection(SolutionProperties) = preSolution
		HideSolutionNode = FALSE
	EndGlobalSection
	GlobalSection(ExtensibilityGlobals) = postSolution
		SolutionGuid = {6E6F967B-AD54-4B0B-8ACF-11A3EF5BFD3F}
	EndGlobalSection
EndGlobal
